{
  "name": "chat-nodejs",
  "lockfileVersion": 3,
  "requires": true,
  "packages": {
    "": {
      "dependencies": {
        "react-string-replace": "^1.1.1"
      }
    },
    "node_modules/react-string-replace": {
      "version": "1.1.1",
      "resolved": "https://registry.npmjs.org/react-string-replace/-/react-string-replace-1.1.1.tgz",
      "integrity": "sha512-26TUbLzLfHQ5jO5N7y3Mx88eeKo0Ml0UjCQuX4BMfOd/JX+enQqlKpL1CZnmjeBRvQE8TR+ds9j1rqx9CxhKHQ==",
      "license": "MIT",
      "engines": {
        "node": ">=0.12.0"
      }
    }
  }
}
